
Microsoft Visual Studio Solution File, Format Version 12.00
# Visual Studio 14
VisualStudioVersion = 14.0.23107.0
MinimumVisualStudioVersion = 10.0.40219.1
Project("{FAE04EC0-301F-11D3-BF4B-00C04F79EFBC}") = "Myd.Client.App", "Myd.Client.App\Myd.Client.App\Myd.Client.App.csproj", "{52221A11-272D-45C7-8A4C-70956B4FB2EE}"
EndProject
Project("{FAE04EC0-301F-11D3-BF4B-00C04F79EFBC}") = "Myd.Client.App.iOS", "Myd.Client.App\Myd.Client.App.iOS\Myd.Client.App.iOS.csproj", "{C8B74C66-3772-4BBB-8E28-3C06DE571F5A}"
EndProject
Project("{FAE04EC0-301F-11D3-BF4B-00C04F79EFBC}") = "Myd.Client.App.Droid", "Myd.Client.App\Myd.Client.App.Droid\Myd.Client.App.Droid.csproj", "{C9122D1A-EA0F-4F06-A375-27437B8DAF17}"
EndProject
Project("{FAE04EC0-301F-11D3-BF4B-00C04F79EFBC}") = "Myd.Client.App.WinPhone", "Myd.Client.App\Myd.Client.App.WinPhone\Myd.Client.App.WinPhone.csproj", "{A6995D69-5F68-4BDF-930B-98CFCD875F8A}"
EndProject
Global
	GlobalSection(SolutionConfigurationPlatforms) = preSolution
		Ad-Hoc|Any CPU = Ad-Hoc|Any CPU
		Ad-Hoc|ARM = Ad-Hoc|ARM
		Ad-Hoc|iPhone = Ad-Hoc|iPhone
		Ad-Hoc|iPhoneSimulator = Ad-Hoc|iPhoneSimulator
		Ad-Hoc|x86 = Ad-Hoc|x86
		AppStore|Any CPU = AppStore|Any CPU
		AppStore|ARM = AppStore|ARM
		AppStore|iPhone = AppStore|iPhone
		AppStore|iPhoneSimulator = AppStore|iPhoneSimulator
		AppStore|x86 = AppStore|x86
		Debug|Any CPU = Debug|Any CPU
		Debug|ARM = Debug|ARM
		Debug|iPhone = Debug|iPhone
		Debug|iPhoneSimulator = Debug|iPhoneSimulator
		Debug|x86 = Debug|x86
		Release|Any CPU = Release|Any CPU
		Release|ARM = Release|ARM
		Release|iPhone = Release|iPhone
		Release|iPhoneSimulator = Release|iPhoneSimulator
		Release|x86 = Release|x86
	EndGlobalSection
	GlobalSection(ProjectConfigurationPlatforms) = postSolution
		{52221A11-272D-45C7-8A4C-70956B4FB2EE}.Ad-Hoc|Any CPU.ActiveCfg = Release|Any CPU
		{52221A11-272D-45C7-8A4C-70956B4FB2EE}.Ad-Hoc|Any CPU.Build.0 = Release|Any CPU
		{52221A11-272D-45C7-8A4C-70956B4FB2EE}.Ad-Hoc|ARM.ActiveCfg = Release|Any CPU
		{52221A11-272D-45C7-8A4C-70956B4FB2EE}.Ad-Hoc|ARM.Build.0 = Release|Any CPU
		{52221A11-272D-45C7-8A4C-70956B4FB2EE}.Ad-Hoc|iPhone.ActiveCfg = Release|Any CPU
		{52221A11-272D-45C7-8A4C-70956B4FB2EE}.Ad-Hoc|iPhone.Build.0 = Release|Any CPU
		{52221A11-272D-45C7-8A4C-70956B4FB2EE}.Ad-Hoc|iPhoneSimulator.ActiveCfg = Release|Any CPU
		{52221A11-272D-45C7-8A4C-70956B4FB2EE}.Ad-Hoc|iPhoneSimulator.Build.0 = Release|Any CPU
		{52221A11-272D-45C7-8A4C-70956B4FB2EE}.Ad-Hoc|x86.ActiveCfg = Release|Any CPU
		{52221A11-272D-45C7-8A4C-70956B4FB2EE}.Ad-Hoc|x86.Build.0 = Release|Any CPU
		{52221A11-272D-45C7-8A4C-70956B4FB2EE}.AppStore|Any CPU.ActiveCfg = Release|Any CPU
		{52221A11-272D-45C7-8A4C-70956B4FB2EE}.AppStore|Any CPU.Build.0 = Release|Any CPU
		{52221A11-272D-45C7-8A4C-70956B4FB2EE}.AppStore|ARM.ActiveCfg = Release|Any CPU
		{52221A11-272D-45C7-8A4C-70956B4FB2EE}.AppStore|ARM.Build.0 = Release|Any CPU
		{52221A11-272D-45C7-8A4C-70956B4FB2EE}.AppStore|iPhone.ActiveCfg = Release|Any CPU
		{52221A11-272D-45C7-8A4C-70956B4FB2EE}.AppStore|iPhone.Build.0 = Release|Any CPU
		{52221A11-272D-45C7-8A4C-70956B4FB2EE}.AppStore|iPhoneSimulator.ActiveCfg = Release|Any CPU
		{52221A11-272D-45C7-8A4C-70956B4FB2EE}.AppStore|iPhoneSimulator.Build.0 = Release|Any CPU
		{52221A11-272D-45C7-8A4C-70956B4FB2EE}.AppStore|x86.ActiveCfg = Release|Any CPU
		{52221A11-272D-45C7-8A4C-70956B4FB2EE}.AppStore|x86.Build.0 = Release|Any CPU
		{52221A11-272D-45C7-8A4C-70956B4FB2EE}.Debug|Any CPU.ActiveCfg = Debug|Any CPU
		{52221A11-272D-45C7-8A4C-70956B4FB2EE}.Debug|Any CPU.Build.0 = Debug|Any CPU
		{52221A11-272D-45C7-8A4C-70956B4FB2EE}.Debug|ARM.ActiveCfg = Debug|Any CPU
		{52221A11-272D-45C7-8A4C-70956B4FB2EE}.Debug|ARM.Build.0 = Debug|Any CPU
		{52221A11-272D-45C7-8A4C-70956B4FB2EE}.Debug|iPhone.ActiveCfg = Debug|Any CPU
		{52221A11-272D-45C7-8A4C-70956B4FB2EE}.Debug|iPhone.Build.0 = Debug|Any CPU
		{52221A11-272D-45C7-8A4C-70956B4FB2EE}.Debug|iPhoneSimulator.ActiveCfg = Debug|Any CPU
		{52221A11-272D-45C7-8A4C-70956B4FB2EE}.Debug|iPhoneSimulator.Build.0 = Debug|Any CPU
		{52221A11-272D-45C7-8A4C-70956B4FB2EE}.Debug|x86.ActiveCfg = Debug|Any CPU
		{52221A11-272D-45C7-8A4C-70956B4FB2EE}.Debug|x86.Build.0 = Debug|Any CPU
		{52221A11-272D-45C7-8A4C-70956B4FB2EE}.Release|Any CPU.ActiveCfg = Release|Any CPU
		{52221A11-272D-45C7-8A4C-70956B4FB2EE}.Release|Any CPU.Build.0 = Release|Any CPU
		{52221A11-272D-45C7-8A4C-70956B4FB2EE}.Release|ARM.ActiveCfg = Release|Any CPU
		{52221A11-272D-45C7-8A4C-70956B4FB2EE}.Release|ARM.Build.0 = Release|Any CPU
		{52221A11-272D-45C7-8A4C-70956B4FB2EE}.Release|iPhone.ActiveCfg = Release|Any CPU
		{52221A11-272D-45C7-8A4C-70956B4FB2EE}.Release|iPhone.Build.0 = Release|Any CPU
		{52221A11-272D-45C7-8A4C-70956B4FB2EE}.Release|iPhoneSimulator.ActiveCfg = Release|Any CPU
		{52221A11-272D-45C7-8A4C-70956B4FB2EE}.Release|iPhoneSimulator.Build.0 = Release|Any CPU
		{52221A11-272D-45C7-8A4C-70956B4FB2EE}.Release|x86.ActiveCfg = Release|Any CPU
		{52221A11-272D-45C7-8A4C-70956B4FB2EE}.Release|x86.Build.0 = Release|Any CPU
		{C8B74C66-3772-4BBB-8E28-3C06DE571F5A}.Ad-Hoc|Any CPU.ActiveCfg = Ad-Hoc|iPhone
		{C8B74C66-3772-4BBB-8E28-3C06DE571F5A}.Ad-Hoc|ARM.ActiveCfg = Ad-Hoc|iPhone
		{C8B74C66-3772-4BBB-8E28-3C06DE571F5A}.Ad-Hoc|iPhone.ActiveCfg = Ad-Hoc|iPhone
		{C8B74C66-3772-4BBB-8E28-3C06DE571F5A}.Ad-Hoc|iPhone.Build.0 = Ad-Hoc|iPhone
		{C8B74C66-3772-4BBB-8E28-3C06DE571F5A}.Ad-Hoc|iPhoneSimulator.ActiveCfg = Ad-Hoc|iPhoneSimulator
		{C8B74C66-3772-4BBB-8E28-3C06DE571F5A}.Ad-Hoc|iPhoneSimulator.Build.0 = Ad-Hoc|iPhoneSimulator
		{C8B74C66-3772-4BBB-8E28-3C06DE571F5A}.Ad-Hoc|x86.ActiveCfg = Ad-Hoc|iPhone
		{C8B74C66-3772-4BBB-8E28-3C06DE571F5A}.AppStore|Any CPU.ActiveCfg = AppStore|iPhone
		{C8B74C66-3772-4BBB-8E28-3C06DE571F5A}.AppStore|ARM.ActiveCfg = AppStore|iPhone
		{C8B74C66-3772-4BBB-8E28-3C06DE571F5A}.AppStore|iPhone.ActiveCfg = AppStore|iPhone
		{C8B74C66-3772-4BBB-8E28-3C06DE571F5A}.AppStore|iPhone.Build.0 = AppStore|iPhone
		{C8B74C66-3772-4BBB-8E28-3C06DE571F5A}.AppStore|iPhoneSimulator.ActiveCfg = AppStore|iPhoneSimulator
		{C8B74C66-3772-4BBB-8E28-3C06DE571F5A}.AppStore|iPhoneSimulator.Build.0 = AppStore|iPhoneSimulator
		{C8B74C66-3772-4BBB-8E28-3C06DE571F5A}.AppStore|x86.ActiveCfg = AppStore|iPhone
		{C8B74C66-3772-4BBB-8E28-3C06DE571F5A}.Debug|Any CPU.ActiveCfg = Debug|iPhone
		{C8B74C66-3772-4BBB-8E28-3C06DE571F5A}.Debug|ARM.ActiveCfg = Debug|iPhone
		{C8B74C66-3772-4BBB-8E28-3C06DE571F5A}.Debug|iPhone.ActiveCfg = Debug|iPhone
		{C8B74C66-3772-4BBB-8E28-3C06DE571F5A}.Debug|iPhone.Build.0 = Debug|iPhone
		{C8B74C66-3772-4BBB-8E28-3C06DE571F5A}.Debug|iPhoneSimulator.ActiveCfg = Debug|iPhoneSimulator
		{C8B74C66-3772-4BBB-8E28-3C06DE571F5A}.Debug|iPhoneSimulator.Build.0 = Debug|iPhoneSimulator
		{C8B74C66-3772-4BBB-8E28-3C06DE571F5A}.Debug|x86.ActiveCfg = Debug|iPhone
		{C8B74C66-3772-4BBB-8E28-3C06DE571F5A}.Release|Any CPU.ActiveCfg = Release|iPhone
		{C8B74C66-3772-4BBB-8E28-3C06DE571F5A}.Release|ARM.ActiveCfg = Release|iPhone
		{C8B74C66-3772-4BBB-8E28-3C06DE571F5A}.Release|iPhone.ActiveCfg = Release|iPhone
		{C8B74C66-3772-4BBB-8E28-3C06DE571F5A}.Release|iPhone.Build.0 = Release|iPhone
		{C8B74C66-3772-4BBB-8E28-3C06DE571F5A}.Release|iPhoneSimulator.ActiveCfg = Release|iPhoneSimulator
		{C8B74C66-3772-4BBB-8E28-3C06DE571F5A}.Release|iPhoneSimulator.Build.0 = Release|iPhoneSimulator
		{C8B74C66-3772-4BBB-8E28-3C06DE571F5A}.Release|x86.ActiveCfg = Release|iPhone
		{C9122D1A-EA0F-4F06-A375-27437B8DAF17}.Ad-Hoc|Any CPU.ActiveCfg = Release|Any CPU
		{C9122D1A-EA0F-4F06-A375-27437B8DAF17}.Ad-Hoc|Any CPU.Build.0 = Release|Any CPU
		{C9122D1A-EA0F-4F06-A375-27437B8DAF17}.Ad-Hoc|Any CPU.Deploy.0 = Release|Any CPU
		{C9122D1A-EA0F-4F06-A375-27437B8DAF17}.Ad-Hoc|ARM.ActiveCfg = Release|Any CPU
		{C9122D1A-EA0F-4F06-A375-27437B8DAF17}.Ad-Hoc|ARM.Build.0 = Release|Any CPU
		{C9122D1A-EA0F-4F06-A375-27437B8DAF17}.Ad-Hoc|ARM.Deploy.0 = Release|Any CPU
		{C9122D1A-EA0F-4F06-A375-27437B8DAF17}.Ad-Hoc|iPhone.ActiveCfg = Release|Any CPU
		{C9122D1A-EA0F-4F06-A375-27437B8DAF17}.Ad-Hoc|iPhone.Build.0 = Release|Any CPU
		{C9122D1A-EA0F-4F06-A375-27437B8DAF17}.Ad-Hoc|iPhone.Deploy.0 = Release|Any CPU
		{C9122D1A-EA0F-4F06-A375-27437B8DAF17}.Ad-Hoc|iPhoneSimulator.ActiveCfg = Release|Any CPU
		{C9122D1A-EA0F-4F06-A375-27437B8DAF17}.Ad-Hoc|iPhoneSimulator.Build.0 = Release|Any CPU
		{C9122D1A-EA0F-4F06-A375-27437B8DAF17}.Ad-Hoc|iPhoneSimulator.Deploy.0 = Release|Any CPU
		{C9122D1A-EA0F-4F06-A375-27437B8DAF17}.Ad-Hoc|x86.ActiveCfg = Release|Any CPU
		{C9122D1A-EA0F-4F06-A375-27437B8DAF17}.Ad-Hoc|x86.Build.0 = Release|Any CPU
		{C9122D1A-EA0F-4F06-A375-27437B8DAF17}.Ad-Hoc|x86.Deploy.0 = Release|Any CPU
		{C9122D1A-EA0F-4F06-A375-27437B8DAF17}.AppStore|Any CPU.ActiveCfg = Release|Any CPU
		{C9122D1A-EA0F-4F06-A375-27437B8DAF17}.AppStore|Any CPU.Build.0 = Release|Any CPU
		{C9122D1A-EA0F-4F06-A375-27437B8DAF17}.AppStore|Any CPU.Deploy.0 = Release|Any CPU
		{C9122D1A-EA0F-4F06-A375-27437B8DAF17}.AppStore|ARM.ActiveCfg = Release|Any CPU
		{C9122D1A-EA0F-4F06-A375-27437B8DAF17}.AppStore|ARM.Build.0 = Release|Any CPU
		{C9122D1A-EA0F-4F06-A375-27437B8DAF17}.AppStore|ARM.Deploy.0 = Release|Any CPU
		{C9122D1A-EA0F-4F06-A375-27437B8DAF17}.AppStore|iPhone.ActiveCfg = Release|Any CPU
		{C9122D1A-EA0F-4F06-A375-27437B8DAF17}.AppStore|iPhone.Build.0 = Release|Any CPU
		{C9122D1A-EA0F-4F06-A375-27437B8DAF17}.AppStore|iPhone.Deploy.0 = Release|Any CPU
		{C9122D1A-EA0F-4F06-A375-27437B8DAF17}.AppStore|iPhoneSimulator.ActiveCfg = Release|Any CPU
		{C9122D1A-EA0F-4F06-A375-27437B8DAF17}.AppStore|iPhoneSimulator.Build.0 = Release|Any CPU
		{C9122D1A-EA0F-4F06-A375-27437B8DAF17}.AppStore|iPhoneSimulator.Deploy.0 = Release|Any CPU
		{C9122D1A-EA0F-4F06-A375-27437B8DAF17}.AppStore|x86.ActiveCfg = Release|Any CPU
		{C9122D1A-EA0F-4F06-A375-27437B8DAF17}.AppStore|x86.Build.0 = Release|Any CPU
		{C9122D1A-EA0F-4F06-A375-27437B8DAF17}.AppStore|x86.Deploy.0 = Release|Any CPU
		{C9122D1A-EA0F-4F06-A375-27437B8DAF17}.Debug|Any CPU.ActiveCfg = Debug|Any CPU
		{C9122D1A-EA0F-4F06-A375-27437B8DAF17}.Debug|Any CPU.Build.0 = Debug|Any CPU
		{C9122D1A-EA0F-4F06-A375-27437B8DAF17}.Debug|Any CPU.Deploy.0 = Debug|Any CPU
		{C9122D1A-EA0F-4F06-A375-27437B8DAF17}.Debug|ARM.ActiveCfg = Debug|Any CPU
		{C9122D1A-EA0F-4F06-A375-27437B8DAF17}.Debug|ARM.Build.0 = Debug|Any CPU
		{C9122D1A-EA0F-4F06-A375-27437B8DAF17}.Debug|ARM.Deploy.0 = Debug|Any CPU
		{C9122D1A-EA0F-4F06-A375-27437B8DAF17}.Debug|iPhone.ActiveCfg = Debug|Any CPU
		{C9122D1A-EA0F-4F06-A375-27437B8DAF17}.Debug|iPhone.Build.0 = Debug|Any CPU
		{C9122D1A-EA0F-4F06-A375-27437B8DAF17}.Debug|iPhone.Deploy.0 = Debug|Any CPU
		{C9122D1A-EA0F-4F06-A375-27437B8DAF17}.Debug|iPhoneSimulator.ActiveCfg = Debug|Any CPU
		{C9122D1A-EA0F-4F06-A375-27437B8DAF17}.Debug|iPhoneSimulator.Build.0 = Debug|Any CPU
		{C9122D1A-EA0F-4F06-A375-27437B8DAF17}.Debug|iPhoneSimulator.Deploy.0 = Debug|Any CPU
		{C9122D1A-EA0F-4F06-A375-27437B8DAF17}.Debug|x86.ActiveCfg = Debug|Any CPU
		{C9122D1A-EA0F-4F06-A375-27437B8DAF17}.Debug|x86.Build.0 = Debug|Any CPU
		{C9122D1A-EA0F-4F06-A375-27437B8DAF17}.Debug|x86.Deploy.0 = Debug|Any CPU
		{C9122D1A-EA0F-4F06-A375-27437B8DAF17}.Release|Any CPU.ActiveCfg = Release|Any CPU
		{C9122D1A-EA0F-4F06-A375-27437B8DAF17}.Release|Any CPU.Build.0 = Release|Any CPU
		{C9122D1A-EA0F-4F06-A375-27437B8DAF17}.Release|Any CPU.Deploy.0 = Release|Any CPU
		{C9122D1A-EA0F-4F06-A375-27437B8DAF17}.Release|ARM.ActiveCfg = Release|Any CPU
		{C9122D1A-EA0F-4F06-A375-27437B8DAF17}.Release|ARM.Build.0 = Release|Any CPU
		{C9122D1A-EA0F-4F06-A375-27437B8DAF17}.Release|ARM.Deploy.0 = Release|Any CPU
		{C9122D1A-EA0F-4F06-A375-27437B8DAF17}.Release|iPhone.ActiveCfg = Release|Any CPU
		{C9122D1A-EA0F-4F06-A375-27437B8DAF17}.Release|iPhone.Build.0 = Release|Any CPU
		{C9122D1A-EA0F-4F06-A375-27437B8DAF17}.Release|iPhone.Deploy.0 = Release|Any CPU
		{C9122D1A-EA0F-4F06-A375-27437B8DAF17}.Release|iPhoneSimulator.ActiveCfg = Release|Any CPU
		{C9122D1A-EA0F-4F06-A375-27437B8DAF17}.Release|iPhoneSimulator.Build.0 = Release|Any CPU
		{C9122D1A-EA0F-4F06-A375-27437B8DAF17}.Release|iPhoneSimulator.Deploy.0 = Release|Any CPU
		{C9122D1A-EA0F-4F06-A375-27437B8DAF17}.Release|x86.ActiveCfg = Release|Any CPU
		{C9122D1A-EA0F-4F06-A375-27437B8DAF17}.Release|x86.Build.0 = Release|Any CPU
		{C9122D1A-EA0F-4F06-A375-27437B8DAF17}.Release|x86.Deploy.0 = Release|Any CPU
		{A6995D69-5F68-4BDF-930B-98CFCD875F8A}.Ad-Hoc|Any CPU.ActiveCfg = Release|Any CPU
		{A6995D69-5F68-4BDF-930B-98CFCD875F8A}.Ad-Hoc|Any CPU.Build.0 = Release|Any CPU
		{A6995D69-5F68-4BDF-930B-98CFCD875F8A}.Ad-Hoc|Any CPU.Deploy.0 = Release|Any CPU
		{A6995D69-5F68-4BDF-930B-98CFCD875F8A}.Ad-Hoc|ARM.ActiveCfg = Release|ARM
		{A6995D69-5F68-4BDF-930B-98CFCD875F8A}.Ad-Hoc|ARM.Build.0 = Release|ARM
		{A6995D69-5F68-4BDF-930B-98CFCD875F8A}.Ad-Hoc|ARM.Deploy.0 = Release|ARM
		{A6995D69-5F68-4BDF-930B-98CFCD875F8A}.Ad-Hoc|iPhone.ActiveCfg = Release|Any CPU
		{A6995D69-5F68-4BDF-930B-98CFCD875F8A}.Ad-Hoc|iPhone.Build.0 = Release|Any CPU
		{A6995D69-5F68-4BDF-930B-98CFCD875F8A}.Ad-Hoc|iPhone.Deploy.0 = Release|Any CPU
		{A6995D69-5F68-4BDF-930B-98CFCD875F8A}.Ad-Hoc|iPhoneSimulator.ActiveCfg = Release|Any CPU
		{A6995D69-5F68-4BDF-930B-98CFCD875F8A}.Ad-Hoc|iPhoneSimulator.Build.0 = Release|Any CPU
		{A6995D69-5F68-4BDF-930B-98CFCD875F8A}.Ad-Hoc|iPhoneSimulator.Deploy.0 = Release|Any CPU
		{A6995D69-5F68-4BDF-930B-98CFCD875F8A}.Ad-Hoc|x86.ActiveCfg = Release|x86
		{A6995D69-5F68-4BDF-930B-98CFCD875F8A}.Ad-Hoc|x86.Build.0 = Release|x86
		{A6995D69-5F68-4BDF-930B-98CFCD875F8A}.Ad-Hoc|x86.Deploy.0 = Release|x86
		{A6995D69-5F68-4BDF-930B-98CFCD875F8A}.AppStore|Any CPU.ActiveCfg = Release|Any CPU
		{A6995D69-5F68-4BDF-930B-98CFCD875F8A}.AppStore|Any CPU.Build.0 = Release|Any CPU
		{A6995D69-5F68-4BDF-930B-98CFCD875F8A}.AppStore|Any CPU.Deploy.0 = Release|Any CPU
		{A6995D69-5F68-4BDF-930B-98CFCD875F8A}.AppStore|ARM.ActiveCfg = Release|ARM
		{A6995D69-5F68-4BDF-930B-98CFCD875F8A}.AppStore|ARM.Build.0 = Release|ARM
		{A6995D69-5F68-4BDF-930B-98CFCD875F8A}.AppStore|ARM.Deploy.0 = Release|ARM
		{A6995D69-5F68-4BDF-930B-98CFCD875F8A}.AppStore|iPhone.ActiveCfg = Release|Any CPU
		{A6995D69-5F68-4BDF-930B-98CFCD875F8A}.AppStore|iPhone.Build.0 = Release|Any CPU
		{A6995D69-5F68-4BDF-930B-98CFCD875F8A}.AppStore|iPhone.Deploy.0 = Release|Any CPU
		{A6995D69-5F68-4BDF-930B-98CFCD875F8A}.AppStore|iPhoneSimulator.ActiveCfg = Release|Any CPU
		{A6995D69-5F68-4BDF-930B-98CFCD875F8A}.AppStore|iPhoneSimulator.Build.0 = Release|Any CPU
		{A6995D69-5F68-4BDF-930B-98CFCD875F8A}.AppStore|iPhoneSimulator.Deploy.0 = Release|Any CPU
		{A6995D69-5F68-4BDF-930B-98CFCD875F8A}.AppStore|x86.ActiveCfg = Release|x86
		{A6995D69-5F68-4BDF-930B-98CFCD875F8A}.AppStore|x86.Build.0 = Release|x86
		{A6995D69-5F68-4BDF-930B-98CFCD875F8A}.AppStore|x86.Deploy.0 = Release|x86
		{A6995D69-5F68-4BDF-930B-98CFCD875F8A}.Debug|Any CPU.ActiveCfg = Debug|Any CPU
		{A6995D69-5F68-4BDF-930B-98CFCD875F8A}.Debug|Any CPU.Build.0 = Debug|Any CPU
		{A6995D69-5F68-4BDF-930B-98CFCD875F8A}.Debug|Any CPU.Deploy.0 = Debug|Any CPU
		{A6995D69-5F68-4BDF-930B-98CFCD875F8A}.Debug|ARM.ActiveCfg = Debug|ARM
		{A6995D69-5F68-4BDF-930B-98CFCD875F8A}.Debug|ARM.Build.0 = Debug|ARM
		{A6995D69-5F68-4BDF-930B-98CFCD875F8A}.Debug|ARM.Deploy.0 = Debug|ARM
		{A6995D69-5F68-4BDF-930B-98CFCD875F8A}.Debug|iPhone.ActiveCfg = Debug|Any CPU
		{A6995D69-5F68-4BDF-930B-98CFCD875F8A}.Debug|iPhone.Build.0 = Debug|Any CPU
		{A6995D69-5F68-4BDF-930B-98CFCD875F8A}.Debug|iPhone.Deploy.0 = Debug|Any CPU
		{A6995D69-5F68-4BDF-930B-98CFCD875F8A}.Debug|iPhoneSimulator.ActiveCfg = Debug|Any CPU
		{A6995D69-5F68-4BDF-930B-98CFCD875F8A}.Debug|iPhoneSimulator.Build.0 = Debug|Any CPU
		{A6995D69-5F68-4BDF-930B-98CFCD875F8A}.Debug|iPhoneSimulator.Deploy.0 = Debug|Any CPU
		{A6995D69-5F68-4BDF-930B-98CFCD875F8A}.Debug|x86.ActiveCfg = Debug|x86
		{A6995D69-5F68-4BDF-930B-98CFCD875F8A}.Debug|x86.Build.0 = Debug|x86
		{A6995D69-5F68-4BDF-930B-98CFCD875F8A}.Debug|x86.Deploy.0 = Debug|x86
		{A6995D69-5F68-4BDF-930B-98CFCD875F8A}.Release|Any CPU.ActiveCfg = Release|Any CPU
		{A6995D69-5F68-4BDF-930B-98CFCD875F8A}.Release|Any CPU.Build.0 = Release|Any CPU
		{A6995D69-5F68-4BDF-930B-98CFCD875F8A}.Release|Any CPU.Deploy.0 = Release|Any CPU
		{A6995D69-5F68-4BDF-930B-98CFCD875F8A}.Release|ARM.ActiveCfg = Release|ARM
		{A6995D69-5F68-4BDF-930B-98CFCD875F8A}.Release|ARM.Build.0 = Release|ARM
		{A6995D69-5F68-4BDF-930B-98CFCD875F8A}.Release|ARM.Deploy.0 = Release|ARM
		{A6995D69-5F68-4BDF-930B-98CFCD875F8A}.Release|iPhone.ActiveCfg = Release|Any CPU
		{A6995D69-5F68-4BDF-930B-98CFCD875F8A}.Release|iPhone.Build.0 = Release|Any CPU
		{A6995D69-5F68-4BDF-930B-98CFCD875F8A}.Release|iPhone.Deploy.0 = Release|Any CPU
		{A6995D69-5F68-4BDF-930B-98CFCD875F8A}.Release|iPhoneSimulator.ActiveCfg = Release|Any CPU
		{A6995D69-5F68-4BDF-930B-98CFCD875F8A}.Release|iPhoneSimulator.Build.0 = Release|Any CPU
		{A6995D69-5F68-4BDF-930B-98CFCD875F8A}.Release|iPhoneSimulator.Deploy.0 = Release|Any CPU
		{A6995D69-5F68-4BDF-930B-98CFCD875F8A}.Release|x86.ActiveCfg = Release|x86
		{A6995D69-5F68-4BDF-930B-98CFCD875F8A}.Release|x86.Build.0 = Release|x86
		{A6995D69-5F68-4BDF-930B-98CFCD875F8A}.Release|x86.Deploy.0 = Release|x86
	EndGlobalSection
	GlobalSection(SolutionProperties) = preSolution
		HideSolutionNode = FALSE
	EndGlobalSection
EndGlobal
